{
  "dependencies": {
    "color": {
      "version": "0.10.1",
      "dependencies": {
        "color-convert": {
          "version": "0.5.3"
        },
        "color-string": {
          "version": "0.3.0",
          "dependencies": {
            "color-name": {
              "version": "1.0.0"
            }
          }
        }
      }
    }
  }
}
